
Microsoft Visual Studio Solution File, Format Version 12.00
# Visual Studio 15
VisualStudioVersion = 15.0.27130.2024
MinimumVisualStudioVersion = 10.0.40219.1
Project("{FAE04EC0-301F-11D3-BF4B-00C04F79EFBC}") = "ArasAsp", "ArasAsp\ArasAsp.csproj", "{103BF6C1-C1A9-4F3F-BF96-E18627780F0F}"
EndProject
Global
	GlobalSection(SolutionConfigurationPlatforms) = preSolution
		Debug|Any CPU = Debug|Any CPU
		Release|Any CPU = Release|Any CPU
	EndGlobalSection
	GlobalSection(ProjectConfigurationPlatforms) = postSolution
		{103BF6C1-C1A9-4F3F-BF96-E18627780F0F}.Debug|Any CPU.ActiveCfg = Debug|Any CPU
		{103BF6C1-C1A9-4F3F-BF96-E18627780F0F}.Debug|Any CPU.Build.0 = Debug|Any CPU
		{103BF6C1-C1A9-4F3F-BF96-E18627780F0F}.Release|Any CPU.ActiveCfg = Release|Any CPU
		{103BF6C1-C1A9-4F3F-BF96-E18627780F0F}.Release|Any CPU.Build.0 = Release|Any CPU
	EndGlobalSection
	GlobalSection(SolutionProperties) = preSolution
		HideSolutionNode = FALSE
	EndGlobalSection
	GlobalSection(ExtensibilityGlobals) = postSolution
		SolutionGuid = {B2373E40-CFA9-455A-AB89-0E2EDB0B0ACE}
	EndGlobalSection
EndGlobal
